
Microsoft Visual Studio Solution File, Format Version 12.00
# Visual Studio Version 17
VisualStudioVersion = 17.0.31903.59
MinimumVisualStudioVersion = 10.0.40219.1
Project("{FAE04EC0-301F-11D3-BF4B-00C04F79EFBC}") = "StampDutyCalculator.Api", "StampDutyCalculator.Api\StampDutyCalculator.Api.csproj", "{A44CF45C-E140-475F-AB8A-707DEC048538}"
EndProject
Project("{FAE04EC0-301F-11D3-BF4B-00C04F79EFBC}") = "StampDutyCalculator.Tests", "StampDutyCalculator.Tests\StampDutyCalculator.Tests.csproj", "{613E384E-28C8-411B-B248-1FCB3D0B47C7}"
EndProject
Global
	GlobalSection(SolutionConfigurationPlatforms) = preSolution
		Debug|Any CPU = Debug|Any CPU
		Release|Any CPU = Release|Any CPU
	EndGlobalSection
	GlobalSection(SolutionProperties) = preSolution
		HideSolutionNode = FALSE
	EndGlobalSection
	GlobalSection(ProjectConfigurationPlatforms) = postSolution
		{A44CF45C-E140-475F-AB8A-707DEC048538}.Debug|Any CPU.ActiveCfg = Debug|Any CPU
		{A44CF45C-E140-475F-AB8A-707DEC048538}.Debug|Any CPU.Build.0 = Debug|Any CPU
		{A44CF45C-E140-475F-AB8A-707DEC048538}.Release|Any CPU.ActiveCfg = Release|Any CPU
		{A44CF45C-E140-475F-AB8A-707DEC048538}.Release|Any CPU.Build.0 = Release|Any CPU
		{613E384E-28C8-411B-B248-1FCB3D0B47C7}.Debug|Any CPU.ActiveCfg = Debug|Any CPU
		{613E384E-28C8-411B-B248-1FCB3D0B47C7}.Debug|Any CPU.Build.0 = Debug|Any CPU
		{613E384E-28C8-411B-B248-1FCB3D0B47C7}.Release|Any CPU.ActiveCfg = Release|Any CPU
		{613E384E-28C8-411B-B248-1FCB3D0B47C7}.Release|Any CPU.Build.0 = Release|Any CPU
	EndGlobalSection
EndGlobal
